
Microsoft Visual Studio Solution File, Format Version 12.00
# Visual Studio 15
VisualStudioVersion = 15.0.28010.2048
MinimumVisualStudioVersion = 10.0.40219.1
Project("{FAE04EC0-301F-11D3-BF4B-00C04F79EFBC}") = "LibraryManagement", "LibraryManagement\LibraryManagement.csproj", "{D17AFBDB-A0D1-48C1-985F-A2185DB9B906}"
EndProject
Global
	GlobalSection(SolutionConfigurationPlatforms) = preSolution
		Debug|Any CPU = Debug|Any CPU
		Release|Any CPU = Release|Any CPU
	EndGlobalSection
	GlobalSection(ProjectConfigurationPlatforms) = postSolution
		{D17AFBDB-A0D1-48C1-985F-A2185DB9B906}.Debug|Any CPU.ActiveCfg = Debug|Any CPU
		{D17AFBDB-A0D1-48C1-985F-A2185DB9B906}.Debug|Any CPU.Build.0 = Debug|Any CPU
		{D17AFBDB-A0D1-48C1-985F-A2185DB9B906}.Release|Any CPU.ActiveCfg = Release|Any CPU
		{D17AFBDB-A0D1-48C1-985F-A2185DB9B906}.Release|Any CPU.Build.0 = Release|Any CPU
	EndGlobalSection
	GlobalSection(SolutionProperties) = preSolution
		HideSolutionNode = FALSE
	EndGlobalSection
	GlobalSection(ExtensibilityGlobals) = postSolution
		SolutionGuid = {81FDC484-91CE-4501-80DE-EBB7344FB32B}
	EndGlobalSection
EndGlobal
